Microsoft Visual Studio Solution File, Format Version 12.00
# Visual Studio Version 17
VisualStudioVersion = 17.5.2.0
MinimumVisualStudioVersion = 10.0.40219.1
Project("{FAE04EC0-301F-11D3-BF4B-00C04F79EFBC}") = "UltraBelt", "UltraBelt.csproj", "{B657F449-B1B0-B947-A703-276BFA993876}"
EndProject
Global
	GlobalSection(SolutionConfigurationPlatforms) = preSolution
		Debug|Any CPU = Debug|Any CPU
		Release|Any CPU = Release|Any CPU
	EndGlobalSection
	GlobalSection(ProjectConfigurationPlatforms) = postSolution
		{B657F449-B1B0-B947-A703-276BFA993876}.Debug|Any CPU.ActiveCfg = Debug|Any CPU
		{B657F449-B1B0-B947-A703-276BFA993876}.Debug|Any CPU.Build.0 = Debug|Any CPU
		{B657F449-B1B0-B947-A703-276BFA993876}.Release|Any CPU.ActiveCfg = Release|Any CPU
		{B657F449-B1B0-B947-A703-276BFA993876}.Release|Any CPU.Build.0 = Release|Any CPU
	EndGlobalSection
	GlobalSection(SolutionProperties) = preSolution
		HideSolutionNode = FALSE
	EndGlobalSection
	GlobalSection(ExtensibilityGlobals) = postSolution
		SolutionGuid = {874E03E0-924B-467B-8D9B-AAAF94EE86E6}
	EndGlobalSection
EndGlobal
